# This file was autogenerated by Stack.
# You should not edit this file by hand.
# For more information, please see the documentation at:
#   https://docs.haskellstack.org/en/stable/lock_files

packages:
- completed:
    hackage: numhask-0.6.0.2@sha256:f887f535fad2dfe14180bdb1793ce62afb330d07aaa81f9366914cda1e7cdcd4,1623
    pantry-tree:
      size: 1656
      sha256: a1b4227c1f36f4ab30f4e372b72d3092a06c7e18e9c7d7be7e832f0188a1927e
  original:
    hackage: numhask-0.6.0.2
- completed:
    hackage: box-0.6.0@sha256:7685a0f18d3bc2c0ebaeb971ea7ae5775453ceb18b8d5767f058336e8ba8874d,3291
    pantry-tree:
      size: 889
      sha256: 6b16610048c3137a9c7c88638e59164e15415ebac1aa29e7c14228ad0161a3c4
  original:
    hackage: box-0.6.0
snapshots:
- completed:
    size: 503181
    url: https://raw.githubusercontent.com/commercialhaskell/stackage-snapshots/master/nightly/2020/6/25.yaml
    sha256: 96e98363790e62f4498da632069a03101cf588b3b47925e707f080cff4b6cfbb
  original: nightly-2020-06-25
